
Microsoft Visual Studio Solution File, Format Version 12.00
# Visual Studio Version 16
VisualStudioVersion = 16.0.31702.278
MinimumVisualStudioVersion = 10.0.40219.1
Project("{FAE04EC0-301F-11D3-BF4B-00C04F79EFBC}") = "Maquina", "Maquina\Maquina.csproj", "{DEE928FF-E1A6-4846-871B-ABFDF83198B0}"
	ProjectSection(ProjectDependencies) = postProject
		{DA043076-1B11-4169-BC8C-0E3ABD07B644} = {DA043076-1B11-4169-BC8C-0E3ABD07B644}
	EndProjectSection
EndProject
Project("{FAE04EC0-301F-11D3-BF4B-00C04F79EFBC}") = "Servicio", "Servicio\Servicio.csproj", "{DA043076-1B11-4169-BC8C-0E3ABD07B644}"
EndProject
Global
	GlobalSection(SolutionConfigurationPlatforms) = preSolution
		Debug|Any CPU = Debug|Any CPU
		Release|Any CPU = Release|Any CPU
	EndGlobalSection
	GlobalSection(ProjectConfigurationPlatforms) = postSolution
		{DEE928FF-E1A6-4846-871B-ABFDF83198B0}.Debug|Any CPU.ActiveCfg = Debug|Any CPU
		{DEE928FF-E1A6-4846-871B-ABFDF83198B0}.Debug|Any CPU.Build.0 = Debug|Any CPU
		{DEE928FF-E1A6-4846-871B-ABFDF83198B0}.Release|Any CPU.ActiveCfg = Release|Any CPU
		{DEE928FF-E1A6-4846-871B-ABFDF83198B0}.Release|Any CPU.Build.0 = Release|Any CPU
		{DA043076-1B11-4169-BC8C-0E3ABD07B644}.Debug|Any CPU.ActiveCfg = Debug|Any CPU
		{DA043076-1B11-4169-BC8C-0E3ABD07B644}.Debug|Any CPU.Build.0 = Debug|Any CPU
		{DA043076-1B11-4169-BC8C-0E3ABD07B644}.Release|Any CPU.ActiveCfg = Release|Any CPU
		{DA043076-1B11-4169-BC8C-0E3ABD07B644}.Release|Any CPU.Build.0 = Release|Any CPU
	EndGlobalSection
	GlobalSection(SolutionProperties) = preSolution
		HideSolutionNode = FALSE
	EndGlobalSection
	GlobalSection(ExtensibilityGlobals) = postSolution
		SolutionGuid = {BEA382EE-2E78-4FCE-9739-FE90AA78A47D}
	EndGlobalSection
EndGlobal
